
Microsoft Visual Studio Solution File, Format Version 12.00
# Visual Studio Version 17
VisualStudioVersion = 17.14.36401.2 d17.14
MinimumVisualStudioVersion = 10.0.40219.1
Project("{FAE04EC0-301F-11D3-BF4B-00C04F79EFBC}") = "BlogWebsite", "BlogWebsite.csproj", "{39AB3C08-6239-4101-B180-D4B4F234B537}"
EndProject
Global
	GlobalSection(SolutionConfigurationPlatforms) = preSolution
		Debug|Any CPU = Debug|Any CPU
		Release|Any CPU = Release|Any CPU
	EndGlobalSection
	GlobalSection(ProjectConfigurationPlatforms) = postSolution
		{39AB3C08-6239-4101-B180-D4B4F234B537}.Debug|Any CPU.ActiveCfg = Debug|Any CPU
		{39AB3C08-6239-4101-B180-D4B4F234B537}.Debug|Any CPU.Build.0 = Debug|Any CPU
		{39AB3C08-6239-4101-B180-D4B4F234B537}.Release|Any CPU.ActiveCfg = Release|Any CPU
		{39AB3C08-6239-4101-B180-D4B4F234B537}.Release|Any CPU.Build.0 = Release|Any CPU
	EndGlobalSection
	GlobalSection(SolutionProperties) = preSolution
		HideSolutionNode = FALSE
	EndGlobalSection
	GlobalSection(ExtensibilityGlobals) = postSolution
		SolutionGuid = {9A2729C0-87B9-4A84-B3E7-ADE642C799D5}
	EndGlobalSection
EndGlobal
